// !$*UTF8*$!
{
	archiveVersion = 1;
	classes = {
	};
	objectVersion = 56;
	objects = {

/* Begin PBXBuildFile section */
		D4F2B83C2C12E54A00F575C2 /* AppDelegate.swift in Sources */ = {isa = PBXBuildFile; fileRef = D4F2B83B2C12E54A00F575C2 /* AppDelegate.swift */; };
		D4F2B83E2C12E54A00F575C2 /* SceneDelegate.swift in Sources */ = {isa = PBXBuildFile; fileRef = D4F2B83D2C12E54A00F575C2 /* SceneDelegate.swift */; };
		D4F2B8402C12E54A00F575C2 /* SelectionViewController.swift in Sources */ = {isa = PBXBuildFile; fileRef = D4F2B83F2C12E54A00F575C2 /* SelectionViewController.swift */; };
		D4F2B8452C12E54C00F575C2 /* Assets.xcassets in Resources */ = {isa = PBXBuildFile; fileRef = D4F2B8442C12E54C00F575C2 /* Assets.xcassets */; };
		D4F2B8482C12E54C00F575C2 /* Base in Resources */ = {isa = PBXBuildFile; fileRef = D4F2B8472C12E54C00F575C2 /* Base */; };
		D4F2B8502C12E56800F575C2 /* .gitignore in Resources */ = {isa = PBXBuildFile; fileRef = D4F2B84F2C12E56800F575C2 /* .gitignore */; };
		D4F2B8522C12E57F00F575C2 /* Secret.swift in Sources */ = {isa = PBXBuildFile; fileRef = D4F2B8512C12E57F00F575C2 /* Secret.swift */; };
		D4F2B8542C12E72400F575C2 /* Extensions.swift in Sources */ = {isa = PBXBuildFile; fileRef = D4F2B8532C12E72400F575C2 /* Extensions.swift */; };
		D4F2B8562C13432000F575C2 /* TamagotchiCollectionViewCell.swift in Sources */ = {isa = PBXBuildFile; fileRef = D4F2B8552C13432000F575C2 /* TamagotchiCollectionViewCell.swift */; };
		D4F2B8582C13439600F575C2 /* DetailViewController.swift in Sources */ = {isa = PBXBuildFile; fileRef = D4F2B8572C13439600F575C2 /* DetailViewController.swift */; };
		D4F2B85A2C1344CA00F575C2 /* SettingsViewController.swift in Sources */ = {isa = PBXBuildFile; fileRef = D4F2B8592C1344CA00F575C2 /* SettingsViewController.swift */; };
		D4F2B85C2C1344D800F575C2 /* EditUserViewController.swift in Sources */ = {isa = PBXBuildFile; fileRef = D4F2B85B2C1344D800F575C2 /* EditUserViewController.swift */; };
		D4F2B85E2C13456D00F575C2 /* UserDefaultsHelper.swift in Sources */ = {isa = PBXBuildFile; fileRef = D4F2B85D2C13456D00F575C2 /* UserDefaultsHelper.swift */; };
		D4F2B8612C13459800F575C2 /* SettingsTableViewCell.swift in Sources */ = {isa = PBXBuildFile; fileRef = D4F2B8602C13459800F575C2 /* SettingsTableViewCell.swift */; };
		D4F2B8642C1346C300F575C2 /* SnapKit in Frameworks */ = {isa = PBXBuildFile; productRef = D4F2B8632C1346C300F575C2 /* SnapKit */; };
		D4F2B8682C1347FB00F575C2 /* MainViewController.swift in Sources */ = {isa = PBXBuildFile; fileRef = D4F2B8672C1347FB00F575C2 /* MainViewController.swift */; };
/* End PBXBuildFile section */

/* Begin PBXFileReference section */
		D4F2B8382C12E54A00F575C2 /* Friends.app */ = {isa = PBXFileReference; explicitFileType = wrapper.application; includeInIndex = 0; path = Friends.app; sourceTree = BUILT_PRODUCTS_DIR; };
		D4F2B83B2C12E54A00F575C2 /* AppDelegate.swift */ = {isa = PBXFileReference; lastKnownFileType = sourcecode.swift; path = AppDelegate.swift; sourceTree = "<group>"; };
		D4F2B83D2C12E54A00F575C2 /* SceneDelegate.swift */ = {isa = PBXFileReference; lastKnownFileType = sourcecode.swift; path = SceneDelegate.swift; sourceTree = "<group>"; };
		D4F2B83F2C12E54A00F575C2 /* SelectionViewController.swift */ = {isa = PBXFileReference; lastKnownFileType = sourcecode.swift; path = SelectionViewController.swift; sourceTree = "<group>"; };
		D4F2B8442C12E54C00F575C2 /* Assets.xcassets */ = {isa = PBXFileReference; lastKnownFileType = folder.assetcatalog; path = Assets.xcassets; sourceTree = "<group>"; };
		D4F2B8472C12E54C00F575C2 /* Base */ = {isa = PBXFileReference; lastKnownFileType = file.storyboard; name = Base; path = Base.lproj/LaunchScreen.storyboard; sourceTree = "<group>"; };
		D4F2B8492C12E54C00F575C2 /* Info.plist */ = {isa = PBXFileReference; lastKnownFileType = text.plist.xml; path = Info.plist; sourceTree = "<group>"; };
		D4F2B84F2C12E56800F575C2 /* .gitignore */ = {isa = PBXFileReference; lastKnownFileType = text; path = .gitignore; sourceTree = "<group>"; };
		D4F2B8512C12E57F00F575C2 /* Secret.swift */ = {isa = PBXFileReference; lastKnownFileType = sourcecode.swift; path = Secret.swift; sourceTree = "<group>"; };
		D4F2B8532C12E72400F575C2 /* Extensions.swift */ = {isa = PBXFileReference; lastKnownFileType = sourcecode.swift; path = Extensions.swift; sourceTree = "<group>"; };
		D4F2B8552C13432000F575C2 /* TamagotchiCollectionViewCell.swift */ = {isa = PBXFileReference; lastKnownFileType = sourcecode.swift; path = TamagotchiCollectionViewCell.swift; sourceTree = "<group>"; };
		D4F2B8572C13439600F575C2 /* DetailViewController.swift */ = {isa = PBXFileReference; lastKnownFileType = sourcecode.swift; path = DetailViewController.swift; sourceTree = "<group>"; };
		D4F2B8592C1344CA00F575C2 /* SettingsViewController.swift */ = {isa = PBXFileReference; lastKnownFileType = sourcecode.swift; path = SettingsViewController.swift; sourceTree = "<group>"; };
		D4F2B85B2C1344D800F575C2 /* EditUserViewController.swift */ = {isa = PBXFileReference; lastKnownFileType = sourcecode.swift; path = EditUserViewController.swift; sourceTree = "<group>"; };
		D4F2B85D2C13456D00F575C2 /* UserDefaultsHelper.swift */ = {isa = PBXFileReference; lastKnownFileType = sourcecode.swift; path = UserDefaultsHelper.swift; sourceTree = "<group>"; };
		D4F2B8602C13459800F575C2 /* SettingsTableViewCell.swift */ = {isa = PBXFileReference; lastKnownFileType = sourcecode.swift; path = SettingsTableViewCell.swift; sourceTree = "<group>"; };
		D4F2B8672C1347FB00F575C2 /* MainViewController.swift */ = {isa = PBXFileReference; lastKnownFileType = sourcecode.swift; path = MainViewController.swift; sourceTree = "<group>"; };
/* End PBXFileReference section */

/* Begin PBXFrameworksBuildPhase section */
		D4F2B8352C12E54A00F575C2 /* Frameworks */ = {
			isa = PBXFrameworksBuildPhase;
			buildActionMask = 2147483647;
			files = (
				D4F2B8642C1346C300F575C2 /* SnapKit in Frameworks */,
			);
			runOnlyForDeploymentPostprocessing = 0;
		};
/* End PBXFrameworksBuildPhase section */

/* Begin PBXGroup section */
		D4F2B82F2C12E54A00F575C2 = {
			isa = PBXGroup;
			children = (
				D4F2B84F2C12E56800F575C2 /* .gitignore */,
				D4F2B83A2C12E54A00F575C2 /* Friends */,
				D4F2B8392C12E54A00F575C2 /* Products */,
			);
			sourceTree = "<group>";
		};
		D4F2B8392C12E54A00F575C2 /* Products */ = {
			isa = PBXGroup;
			children = (
				D4F2B8382C12E54A00F575C2 /* Friends.app */,
			);
			name = Products;
			sourceTree = "<group>";
		};
		D4F2B83A2C12E54A00F575C2 /* Friends */ = {
			isa = PBXGroup;
			children = (
				D4F2B83B2C12E54A00F575C2 /* AppDelegate.swift */,
				D4F2B83D2C12E54A00F575C2 /* SceneDelegate.swift */,
				D4F2B8662C1347EB00F575C2 /* Main */,
				D4F2B8652C1347B300F575C2 /* Selection */,
				D4F2B85F2C13457E00F575C2 /* Settings */,
				D4F2B8512C12E57F00F575C2 /* Secret.swift */,
				D4F2B8532C12E72400F575C2 /* Extensions.swift */,
				D4F2B85D2C13456D00F575C2 /* UserDefaultsHelper.swift */,
				D4F2B8442C12E54C00F575C2 /* Assets.xcassets */,
				D4F2B8462C12E54C00F575C2 /* LaunchScreen.storyboard */,
				D4F2B8492C12E54C00F575C2 /* Info.plist */,
			);
			path = Friends;
			sourceTree = "<group>";
		};
		D4F2B85F2C13457E00F575C2 /* Settings */ = {
			isa = PBXGroup;
			children = (
				D4F2B8592C1344CA00F575C2 /* SettingsViewController.swift */,
				D4F2B8602C13459800F575C2 /* SettingsTableViewCell.swift */,
				D4F2B85B2C1344D800F575C2 /* EditUserViewController.swift */,
			);
			path = Settings;
			sourceTree = "<group>";
		};
		D4F2B8652C1347B300F575C2 /* Selection */ = {
			isa = PBXGroup;
			children = (
				D4F2B83F2C12E54A00F575C2 /* SelectionViewController.swift */,
				D4F2B8552C13432000F575C2 /* TamagotchiCollectionViewCell.swift */,
			);
			path = Selection;
			sourceTree = "<group>";
		};
		D4F2B8662C1347EB00F575C2 /* Main */ = {
			isa = PBXGroup;
			children = (
				D4F2B8672C1347FB00F575C2 /* MainViewController.swift */,
				D4F2B8572C13439600F575C2 /* DetailViewController.swift */,
			);
			path = Main;
			sourceTree = "<group>";
		};
/* End PBXGroup section */

/* Begin PBXNativeTarget section */
		D4F2B8372C12E54A00F575C2 /* Friends */ = {
			isa = PBXNativeTarget;
			buildConfigurationList = D4F2B84C2C12E54C00F575C2 /* Build configuration list for PBXNativeTarget "Friends" */;
			buildPhases = (
				D4F2B8342C12E54A00F575C2 /* Sources */,
				D4F2B8352C12E54A00F575C2 /* Frameworks */,
				D4F2B8362C12E54A00F575C2 /* Resources */,
			);
			buildRules = (
			);
			dependencies = (
			);
			name = Friends;
			packageProductDependencies = (
				D4F2B8632C1346C300F575C2 /* SnapKit */,
			);
			productName = Friends;
			productReference = D4F2B8382C12E54A00F575C2 /* Friends.app */;
			productType = "com.apple.product-type.application";
		};
/* End PBXNativeTarget section */

/* Begin PBXProject section */
		D4F2B8302C12E54A00F575C2 /* Project object */ = {
			isa = PBXProject;
			attributes = {
				BuildIndependentTargetsInParallel = 1;
				LastSwiftUpdateCheck = 1540;
				LastUpgradeCheck = 1540;
				TargetAttributes = {
					D4F2B8372C12E54A00F575C2 = {
						CreatedOnToolsVersion = 15.4;
					};
				};
			};
			buildConfigurationList = D4F2B8332C12E54A00F575C2 /* Build configuration list for PBXProject "Friends" */;
			compatibilityVersion = "Xcode 14.0";
			developmentRegion = en;
			hasScannedForEncodings = 0;
			knownRegions = (
				en,
				Base,
			);
			mainGroup = D4F2B82F2C12E54A00F575C2;
			packageReferences = (
				D4F2B8622C1346C300F575C2 /* XCRemoteSwiftPackageReference "SnapKit" */,
			);
			productRefGroup = D4F2B8392C12E54A00F575C2 /* Products */;
			projectDirPath = "";
			projectRoot = "";
			targets = (
				D4F2B8372C12E54A00F575C2 /* Friends */,
			);
		};
/* End PBXProject section */

/* Begin PBXResourcesBuildPhase section */
		D4F2B8362C12E54A00F575C2 /* Resources */ = {
			isa = PBXResourcesBuildPhase;
			buildActionMask = 2147483647;
			files = (
				D4F2B8502C12E56800F575C2 /* .gitignore in Resources */,
				D4F2B8452C12E54C00F575C2 /* Assets.xcassets in Resources */,
				D4F2B8482C12E54C00F575C2 /* Base in Resources */,
			);
			runOnlyForDeploymentPostprocessing = 0;
		};
/* End PBXResourcesBuildPhase section */

/* Begin PBXSourcesBuildPhase section */
		D4F2B8342C12E54A00F575C2 /* Sources */ = {
			isa = PBXSourcesBuildPhase;
			buildActionMask = 2147483647;
			files = (
				D4F2B85E2C13456D00F575C2 /* UserDefaultsHelper.swift in Sources */,
				D4F2B8542C12E72400F575C2 /* Extensions.swift in Sources */,
				D4F2B8402C12E54A00F575C2 /* SelectionViewController.swift in Sources */,
				D4F2B8682C1347FB00F575C2 /* MainViewController.swift in Sources */,
				D4F2B8522C12E57F00F575C2 /* Secret.swift in Sources */,
				D4F2B8562C13432000F575C2 /* TamagotchiCollectionViewCell.swift in Sources */,
				D4F2B83C2C12E54A00F575C2 /* AppDelegate.swift in Sources */,
				D4F2B8612C13459800F575C2 /* SettingsTableViewCell.swift in Sources */,
				D4F2B83E2C12E54A00F575C2 /* SceneDelegate.swift in Sources */,
				D4F2B85C2C1344D800F575C2 /* EditUserViewController.swift in Sources */,
				D4F2B8582C13439600F575C2 /* DetailViewController.swift in Sources */,
				D4F2B85A2C1344CA00F575C2 /* SettingsViewController.swift in Sources */,
			);
			runOnlyForDeploymentPostprocessing = 0;
		};
/* End PBXSourcesBuildPhase section */

/* Begin PBXVariantGroup section */
		D4F2B8462C12E54C00F575C2 /* LaunchScreen.storyboard */ = {
			isa = PBXVariantGroup;
			children = (
				D4F2B8472C12E54C00F575C2 /* Base */,
			);
			name = LaunchScreen.storyboard;
			sourceTree = "<group>";
		};
/* End PBXVariantGroup section */

/* Begin XCBuildConfiguration section */
		D4F2B84A2C12E54C00F575C2 /* Debug */ = {
			isa = XCBuildConfiguration;
			buildSettings = {
				ALWAYS_SEARCH_USER_PATHS = NO;
				ASSETCATALOG_COMPILER_GENERATE_SWIFT_ASSET_SYMBOL_EXTENSIONS = YES;
				CLANG_ANALYZER_NONNULL = YES;
				CLANG_ANALYZER_NUMBER_OBJECT_CONVERSION = YES_AGGRESSIVE;
				CLANG_CXX_LANGUAGE_STANDARD = "gnu++20";
				CLANG_ENABLE_MODULES = YES;
				CLANG_ENABLE_OBJC_ARC = YES;
				CLANG_ENABLE_OBJC_WEAK = YES;
				CLANG_WARN_BLOCK_CAPTURE_AUTORELEASING = YES;
				CLANG_WARN_BOOL_CONVERSION = YES;
				CLANG_WARN_COMMA = YES;
				CLANG_WARN_CONSTANT_CONVERSION = YES;
				CLANG_WARN_DEPRECATED_OBJC_IMPLEMENTATIONS = YES;
				CLANG_WARN_DIRECT_OBJC_ISA_USAGE = YES_ERROR;
				CLANG_WARN_DOCUMENTATION_COMMENTS = YES;
				CLANG_WARN_EMPTY_BODY = YES;
				CLANG_WARN_ENUM_CONVERSION = YES;
				CLANG_WARN_INFINITE_RECURSION = YES;
				CLANG_WARN_INT_CONVERSION = YES;
				CLANG_WARN_NON_LITERAL_NULL_CONVERSION = YES;
				CLANG_WARN_OBJC_IMPLICIT_RETAIN_SELF = YES;
				CLANG_WARN_OBJC_LITERAL_CONVERSION = YES;
				CLANG_WARN_OBJC_ROOT_CLASS = YES_ERROR;
				CLANG_WARN_QUOTED_INCLUDE_IN_FRAMEWORK_HEADER = YES;
				CLANG_WARN_RANGE_LOOP_ANALYSIS = YES;
				CLANG_WARN_STRICT_PROTOTYPES = YES;
				CLANG_WARN_SUSPICIOUS_MOVE = YES;
				CLANG_WARN_UNGUARDED_AVAILABILITY = YES_AGGRESSIVE;
				CLANG_WARN_UNREACHABLE_CODE = YES;
				CLANG_WARN__DUPLICATE_METHOD_MATCH = YES;
				COPY_PHASE_STRIP = NO;
				DEBUG_INFORMATION_FORMAT = dwarf;
				ENABLE_STRICT_OBJC_MSGSEND = YES;
				ENABLE_TESTABILITY = YES;
				ENABLE_USER_SCRIPT_SANDBOXING = YES;
				GCC_C_LANGUAGE_STANDARD = gnu17;
				GCC_DYNAMIC_NO_PIC = NO;
				GCC_NO_COMMON_BLOCKS = YES;
				GCC_OPTIMIZATION_LEVEL = 0;
				GCC_PREPROCESSOR_DEFINITIONS = (
					"DEBUG=1",
					"$(inherited)",
				);
				GCC_WARN_64_TO_32_BIT_CONVERSION = YES;
				GCC_WARN_ABOUT_RETURN_TYPE = YES_ERROR;
				GCC_WARN_UNDECLARED_SELECTOR = YES;
				GCC_WARN_UNINITIALIZED_AUTOS = YES_AGGRESSIVE;
				GCC_WARN_UNUSED_FUNCTION = YES;
				GCC_WARN_UNUSED_VARIABLE = YES;
				IPHONEOS_DEPLOYMENT_TARGET = 17.5;
				LOCALIZATION_PREFERS_STRING_CATALOGS = YES;
				MTL_ENABLE_DEBUG_INFO = INCLUDE_SOURCE;
				MTL_FAST_MATH = YES;
				ONLY_ACTIVE_ARCH = YES;
				SDKROOT = iphoneos;
				SWIFT_ACTIVE_COMPILATION_CONDITIONS = "DEBUG $(inherited)";
				SWIFT_OPTIMIZATION_LEVEL = "-Onone";
			};
			name = Debug;
		};
		D4F2B84B2C12E54C00F575C2 /* Release */ = {
			isa = XCBuildConfiguration;
			buildSettings = {
				ALWAYS_SEARCH_USER_PATHS = NO;
				ASSETCATALOG_COMPILER_GENERATE_SWIFT_ASSET_SYMBOL_EXTENSIONS = YES;
				CLANG_ANALYZER_NONNULL = YES;
				CLANG_ANALYZER_NUMBER_OBJECT_CONVERSION = YES_AGGRESSIVE;
				CLANG_CXX_LANGUAGE_STANDARD = "gnu++20";
				CLANG_ENABLE_MODULES = YES;
				CLANG_ENABLE_OBJC_ARC = YES;
				CLANG_ENABLE_OBJC_WEAK = YES;
				CLANG_WARN_BLOCK_CAPTURE_AUTORELEASING = YES;
				CLANG_WARN_BOOL_CONVERSION = YES;
				CLANG_WARN_COMMA = YES;
				CLANG_WARN_CONSTANT_CONVERSION = YES;
				CLANG_WARN_DEPRECATED_OBJC_IMPLEMENTATIONS = YES;
				CLANG_WARN_DIRECT_OBJC_ISA_USAGE = YES_ERROR;
				CLANG_WARN_DOCUMENTATION_COMMENTS = YES;
				CLANG_WARN_EMPTY_BODY = YES;
				CLANG_WARN_ENUM_CONVERSION = YES;
				CLANG_WARN_INFINITE_RECURSION = YES;
				CLANG_WARN_INT_CONVERSION = YES;
				CLANG_WARN_NON_LITERAL_NULL_CONVERSION = YES;
				CLANG_WARN_OBJC_IMPLICIT_RETAIN_SELF = YES;
				CLANG_WARN_OBJC_LITERAL_CONVERSION = YES;
				CLANG_WARN_OBJC_ROOT_CLASS = YES_ERROR;
				CLANG_WARN_QUOTED_INCLUDE_IN_FRAMEWORK_HEADER = YES;
				CLANG_WARN_RANGE_LOOP_ANALYSIS = YES;
				CLANG_WARN_STRICT_PROTOTYPES = YES;
				CLANG_WARN_SUSPICIOUS_MOVE = YES;
				CLANG_WARN_UNGUARDED_AVAILABILITY = YES_AGGRESSIVE;
				CLANG_WARN_UNREACHABLE_CODE = YES;
				CLANG_WARN__DUPLICATE_METHOD_MATCH = YES;
				COPY_PHASE_STRIP = NO;
				DEBUG_INFORMATION_FORMAT = "dwarf-with-dsym";
				ENABLE_NS_ASSERTIONS = NO;
				ENABLE_STRICT_OBJC_MSGSEND = YES;
				ENABLE_USER_SCRIPT_SANDBOXING = YES;
				GCC_C_LANGUAGE_STANDARD = gnu17;
				GCC_NO_COMMON_BLOCKS = YES;
				GCC_WARN_64_TO_32_BIT_CONVERSION = YES;
				GCC_WARN_ABOUT_RETURN_TYPE = YES_ERROR;
				GCC_WARN_UNDECLARED_SELECTOR = YES;
				GCC_WARN_UNINITIALIZED_AUTOS = YES_AGGRESSIVE;
				GCC_WARN_UNUSED_FUNCTION = YES;
				GCC_WARN_UNUSED_VARIABLE = YES;
				IPHONEOS_DEPLOYMENT_TARGET = 17.5;
				LOCALIZATION_PREFERS_STRING_CATALOGS = YES;
				MTL_ENABLE_DEBUG_INFO = NO;
				MTL_FAST_MATH = YES;
				SDKROOT = iphoneos;
				SWIFT_COMPILATION_MODE = wholemodule;
				VALIDATE_PRODUCT = YES;
			};
			name = Release;
		};
		D4F2B84D2C12E54C00F575C2 /* Debug */ = {
			isa = XCBuildConfiguration;
			buildSettings = {
				ASSETCATALOG_COMPILER_APPICON_NAME = AppIcon;
				ASSETCATALOG_COMPILER_GLOBAL_ACCENT_COLOR_NAME = AccentColor;
				CODE_SIGN_STYLE = Automatic;
				CURRENT_PROJECT_VERSION = 1;
				DEVELOPMENT_TEAM = NWL6WKXWCJ;
				GENERATE_INFOPLIST_FILE = YES;
				INFOPLIST_FILE = Friends/Info.plist;
				INFOPLIST_KEY_UIApplicationSupportsIndirectInputEvents = YES;
				INFOPLIST_KEY_UILaunchStoryboardName = LaunchScreen;
				INFOPLIST_KEY_UISupportedInterfaceOrientations = UIInterfaceOrientationPortrait;
				INFOPLIST_KEY_UISupportedInterfaceOrientations_iPad = "UIInterfaceOrientationLandscapeLeft UIInterfaceOrientationLandscapeRight UIInterfaceOrientationPortrait UIInterfaceOrientationPortraitUpsideDown";
				IPHONEOS_DEPLOYMENT_TARGET = 15.0;
				LD_RUNPATH_SEARCH_PATHS = (
					"$(inherited)",
					"@executable_path/Frameworks",
				);
				MARKETING_VERSION = 1.0;
				PRODUCT_BUNDLE_IDENTIFIER = com.Ray.Friends;
				PRODUCT_NAME = "$(TARGET_NAME)";
				SUPPORTED_PLATFORMS = "iphoneos iphonesimulator";
				SUPPORTS_MACCATALYST = NO;
				SUPPORTS_MAC_DESIGNED_FOR_IPHONE_IPAD = NO;
				SUPPORTS_XR_DESIGNED_FOR_IPHONE_IPAD = NO;
				SWIFT_EMIT_LOC_STRINGS = YES;
				SWIFT_VERSION = 5.0;
				TARGETED_DEVICE_FAMILY = 1;
			};
			name = Debug;
		};
		D4F2B84E2C12E54C00F575C2 /* Release */ = {
			isa = XCBuildConfiguration;
			buildSettings = {
				ASSETCATALOG_COMPILER_APPICON_NAME = AppIcon;
				ASSETCATALOG_COMPILER_GLOBAL_ACCENT_COLOR_NAME = AccentColor;
				CODE_SIGN_STYLE = Automatic;
				CURRENT_PROJECT_VERSION = 1;
				DEVELOPMENT_TEAM = NWL6WKXWCJ;
				GENERATE_INFOPLIST_FILE = YES;
				INFOPLIST_FILE = Friends/Info.plist;
				INFOPLIST_KEY_UIApplicationSupportsIndirectInputEvents = YES;
				INFOPLIST_KEY_UILaunchStoryboardName = LaunchScreen;
				INFOPLIST_KEY_UISupportedInterfaceOrientations = UIInterfaceOrientationPortrait;
				INFOPLIST_KEY_UISupportedInterfaceOrientations_iPad = "UIInterfaceOrientationLandscapeLeft UIInterfaceOrientationLandscapeRight UIInterfaceOrientationPortrait UIInterfaceOrientationPortraitUpsideDown";
				IPHONEOS_DEPLOYMENT_TARGET = 15.0;
				LD_RUNPATH_SEARCH_PATHS = (
					"$(inherited)",
					"@executable_path/Frameworks",
				);
				MARKETING_VERSION = 1.0;
				PRODUCT_BUNDLE_IDENTIFIER = com.Ray.Friends;
				PRODUCT_NAME = "$(TARGET_NAME)";
				SUPPORTED_PLATFORMS = "iphoneos iphonesimulator";
				SUPPORTS_MACCATALYST = NO;
				SUPPORTS_MAC_DESIGNED_FOR_IPHONE_IPAD = NO;
				SUPPORTS_XR_DESIGNED_FOR_IPHONE_IPAD = NO;
				SWIFT_EMIT_LOC_STRINGS = YES;
				SWIFT_VERSION = 5.0;
				TARGETED_DEVICE_FAMILY = 1;
			};
			name = Release;
		};
/* End XCBuildConfiguration section */

/* Begin XCConfigurationList section */
		D4F2B8332C12E54A00F575C2 /* Build configuration list for PBXProject "Friends" */ = {
			isa = XCConfigurationList;
			buildConfigurations = (
				D4F2B84A2C12E54C00F575C2 /* Debug */,
				D4F2B84B2C12E54C00F575C2 /* Release */,
			);
			defaultConfigurationIsVisible = 0;
			defaultConfigurationName = Release;
		};
		D4F2B84C2C12E54C00F575C2 /* Build configuration list for PBXNativeTarget "Friends" */ = {
			isa = XCConfigurationList;
			buildConfigurations = (
				D4F2B84D2C12E54C00F575C2 /* Debug */,
				D4F2B84E2C12E54C00F575C2 /* Release */,
			);
			defaultConfigurationIsVisible = 0;
			defaultConfigurationName = Release;
		};
/* End XCConfigurationList section */

/* Begin XCRemoteSwiftPackageReference section */
		D4F2B8622C1346C300F575C2 /* XCRemoteSwiftPackageReference "SnapKit" */ = {
			isa = XCRemoteSwiftPackageReference;
			repositoryURL = "https://github.com/SnapKit/SnapKit.git";
			requirement = {
				kind = upToNextMajorVersion;
				minimumVersion = 5.7.1;
			};
		};
/* End XCRemoteSwiftPackageReference section */

/* Begin XCSwiftPackageProductDependency section */
		D4F2B8632C1346C300F575C2 /* SnapKit */ = {
			isa = XCSwiftPackageProductDependency;
			package = D4F2B8622C1346C300F575C2 /* XCRemoteSwiftPackageReference "SnapKit" */;
			productName = SnapKit;
		};
/* End XCSwiftPackageProductDependency section */
	};
	rootObject = D4F2B8302C12E54A00F575C2 /* Project object */;
}
